<?xml version="1.0" encoding="utf-8"?>
<Project ToolsVersion="4.0" xmlns="http://schemas.microsoft.com/developer/msbuild/2003">
  <ItemGroup>
    <Filter Include="Source Files">
      <UniqueIdentifier>{4FC737F1-C7A5-4376-A066-2A32D752A2FF}</UniqueIdentifier>
      <Extensions>cpp;c;cc;cxx;c++;cppm;ixx;def;odl;idl;hpj;bat;asm;asmx</Extensions>
    </Filter>
    <Filter Include="Header Files">
      <UniqueIdentifier>{93995380-89BD-4b04-88EB-625FBE52EBFB}</UniqueIdentifier>
      <Extensions>h;hh;hpp;hxx;h++;hm;inl;inc;ipp;xsd</Extensions>
    </Filter>
    <Filter Include="Resource Files">
      <UniqueIdentifier>{67DA6AB6-F800-4c08-8B7A-83BB121AAD01}</UniqueIdentifier>
      <Extensions>rc;ico;cur;bmp;dlg;rc2;rct;bin;rgs;gif;jpg;jpeg;jpe;resx;tiff;tif;png;wav;mfcribbon-ms</Extensions>
    </Filter>
    <Filter Include="Source Files\Scene">
      <UniqueIdentifier>{3ec3507f-f4fa-4d2a-8cce-e0d5d1809a94}</UniqueIdentifier>
    </Filter>
    <Filter Include="Source Files\Render">
      <UniqueIdentifier>{68317d7a-b936-489a-9caa-e086b2a45c73}</UniqueIdentifier>
    </Filter>
    <Filter Include="Source Files\Application">
      <UniqueIdentifier>{6c1e5153-e675-471f-b6cd-19433fd156cc}</UniqueIdentifier>
    </Filter>
    <Filter Include="Header Files\Application">
      <UniqueIdentifier>{2aa10cee-d9a9-42f3-9714-ad3d972cf0ce}</UniqueIdentifier>
    </Filter>
    <Filter Include="Header Files\Scene">
      <UniqueIdentifier>{7770cf90-d780-452c-987f-96e8f1e1f3ff}</UniqueIdentifier>
    </Filter>
    <Filter Include="Header Files\Render">
      <UniqueIdentifier>{08f03dee-1abf-441d-9677-fef49ae72915}</UniqueIdentifier>
    </Filter>
    <Filter Include="Source Files\Scene\GameScene">
      <UniqueIdentifier>{363744e3-e8b3-42d4-8912-34a24aef24d9}</UniqueIdentifier>
    </Filter>
    <Filter Include="Header Files\Scene\GameScene">
      <UniqueIdentifier>{b0783660-a2a6-4dd6-9b58-0355d0af0ace}</UniqueIdentifier>
    </Filter>
    <Filter Include="Source Files\Globals">
      <UniqueIdentifier>{adf7cf53-02ba-4cc8-9d96-9e173ef0f23e}</UniqueIdentifier>
    </Filter>
    <Filter Include="Header Files\Globals">
      <UniqueIdentifier>{95ed89d0-a94a-4bab-81b6-7adaf888d21e}</UniqueIdentifier>
    </Filter>
  </ItemGroup>
  <ItemGroup>
    <ClCompile Include="Source\main.cpp">
      <Filter>Source Files</Filter>
    </ClCompile>
    <ClCompile Include="Source\glad.c">
      <Filter>Source Files</Filter>
    </ClCompile>
    <ClCompile Include="Source\Application\application.cpp">
      <Filter>Source Files\Application</Filter>
    </ClCompile>
    <ClCompile Include="Source\Render\render.cpp">
      <Filter>Source Files\Render</Filter>
    </ClCompile>
    <ClCompile Include="Source\Render\shader.cpp">
      <Filter>Source Files\Render</Filter>
    </ClCompile>
    <ClCompile Include="Source\Scene\sceneManager.cpp">
      <Filter>Source Files\Scene</Filter>
    </ClCompile>
    <ClCompile Include="Source\Scene\GameScene\mainMenu.cpp">
      <Filter>Source Files\Scene\GameScene</Filter>
    </ClCompile>
    <ClCompile Include="Source\Globals\globals.cpp">
      <Filter>Source Files\Globals</Filter>
    </ClCompile>
  </ItemGroup>
  <ItemGroup>
    <ClInclude Include="Headers\Application\application.h">
      <Filter>Header Files\Application</Filter>
    </ClInclude>
    <ClInclude Include="Headers\Render\render.h">
      <Filter>Header Files\Render</Filter>
    </ClInclude>
    <ClInclude Include="Headers\Render\shader.h">
      <Filter>Header Files\Render</Filter>
    </ClInclude>
    <ClInclude Include="Headers\Scene\scene.h">
      <Filter>Header Files\Scene</Filter>
    </ClInclude>
    <ClInclude Include="Headers\Scene\sceneManager.h">
      <Filter>Header Files\Scene</Filter>
    </ClInclude>
    <ClInclude Include="Headers\Scene\GameScene\mainMenu.h">
      <Filter>Header Files\Scene\GameScene</Filter>
    </ClInclude>
    <ClInclude Include="Headers\Render\mesh.h">
      <Filter>Header Files\Render</Filter>
    </ClInclude>
    <ClInclude Include="Headers\Render\texture2D.h">
      <Filter>Header Files\Render</Filter>
    </ClInclude>
    <ClInclude Include="Headers\Globals\globals.h">
      <Filter>Header Files\Globals</Filter>
    </ClInclude>
  </ItemGroup>
</Project>